// !$*UTF8*$!
{
	archiveVersion = 1;
	classes = {
	};
	objectVersion = 46;
	objects = {

/* Begin PBXBuildFile section */
		12CB70481C7B9532000197C9 /* AppDelegate.swift in Sources */ = {isa = PBXBuildFile; fileRef = 12CB70471C7B9532000197C9 /* AppDelegate.swift */; };
		12CB704A1C7B9532000197C9 /* ViewController.swift in Sources */ = {isa = PBXBuildFile; fileRef = 12CB70491C7B9532000197C9 /* ViewController.swift */; };
		12CB704D1C7B9532000197C9 /* Main.storyboard in Resources */ = {isa = PBXBuildFile; fileRef = 12CB704B1C7B9532000197C9 /* Main.storyboard */; };
		12CB704F1C7B9532000197C9 /* Assets.xcassets in Resources */ = {isa = PBXBuildFile; fileRef = 12CB704E1C7B9532000197C9 /* Assets.xcassets */; };
		12CB70521C7B9532000197C9 /* LaunchScreen.storyboard in Resources */ = {isa = PBXBuildFile; fileRef = 12CB70501C7B9532000197C9 /* LaunchScreen.storyboard */; };
		12CB705E1C7B97B3000197C9 /* pokemon.csv in Resources */ = {isa = PBXBuildFile; fileRef = 12CB705D1C7B97B3000197C9 /* pokemon.csv */; };
/* End PBXBuildFile section */

/* Begin PBXFileReference section */
		12CB70441C7B9532000197C9 /* pokedex.app */ = {isa = PBXFileReference; explicitFileType = wrapper.application; includeInIndex = 0; path = pokedex.app; sourceTree = BUILT_PRODUCTS_DIR; };
		12CB70471C7B9532000197C9 /* AppDelegate.swift */ = {isa = PBXFileReference; lastKnownFileType = sourcecode.swift; path = AppDelegate.swift; sourceTree = "<group>"; };
		12CB70491C7B9532000197C9 /* ViewController.swift */ = {isa = PBXFileReference; lastKnownFileType = sourcecode.swift; path = ViewController.swift; sourceTree = "<group>"; };
		12CB704C1C7B9532000197C9 /* Base */ = {isa = PBXFileReference; lastKnownFileType = file.storyboard; name = Base; path = Base.lproj/Main.storyboard; sourceTree = "<group>"; };
		12CB704E1C7B9532000197C9 /* Assets.xcassets */ = {isa = PBXFileReference; lastKnownFileType = folder.assetcatalog; path = Assets.xcassets; sourceTree = "<group>"; };
		12CB70511C7B9532000197C9 /* Base */ = {isa = PBXFileReference; lastKnownFileType = file.storyboard; name = Base; path = Base.lproj/LaunchScreen.storyboard; sourceTree = "<group>"; };
		12CB70531C7B9532000197C9 /* Info.plist */ = {isa = PBXFileReference; lastKnownFileType = text.plist.xml; path = Info.plist; sourceTree = "<group>"; };
		12CB705D1C7B97B3000197C9 /* pokemon.csv */ = {isa = PBXFileReference; fileEncoding = 4; lastKnownFileType = text; path = pokemon.csv; sourceTree = "<group>"; };
/* End PBXFileReference section */

/* Begin PBXFrameworksBuildPhase section */
		12CB70411C7B9532000197C9 /* Frameworks */ = {
			isa = PBXFrameworksBuildPhase;
			buildActionMask = 2147483647;
			files = (
			);
			runOnlyForDeploymentPostprocessing = 0;
		};
/* End PBXFrameworksBuildPhase section */

/* Begin PBXGroup section */
		12CB703B1C7B9532000197C9 = {
			isa = PBXGroup;
			children = (
				12CB70461C7B9532000197C9 /* pokedex */,
				12CB70451C7B9532000197C9 /* Products */,
			);
			sourceTree = "<group>";
		};
		12CB70451C7B9532000197C9 /* Products */ = {
			isa = PBXGroup;
			children = (
				12CB70441C7B9532000197C9 /* pokedex.app */,
			);
			name = Products;
			sourceTree = "<group>";
		};
		12CB70461C7B9532000197C9 /* pokedex */ = {
			isa = PBXGroup;
			children = (
				12CB705C1C7B979B000197C9 /* Assets */,
				12CB705B1C7B9795000197C9 /* Model */,
				12CB705A1C7B9791000197C9 /* View */,
				12CB70591C7B9786000197C9 /* Controller */,
				12CB70471C7B9532000197C9 /* AppDelegate.swift */,
				12CB70491C7B9532000197C9 /* ViewController.swift */,
				12CB704B1C7B9532000197C9 /* Main.storyboard */,
				12CB704E1C7B9532000197C9 /* Assets.xcassets */,
				12CB70501C7B9532000197C9 /* LaunchScreen.storyboard */,
				12CB70531C7B9532000197C9 /* Info.plist */,
			);
			path = pokedex;
			sourceTree = "<group>";
		};
		12CB70591C7B9786000197C9 /* Controller */ = {
			isa = PBXGroup;
			children = (
			);
			name = Controller;
			sourceTree = "<group>";
		};
		12CB705A1C7B9791000197C9 /* View */ = {
			isa = PBXGroup;
			children = (
			);
			name = View;
			sourceTree = "<group>";
		};
		12CB705B1C7B9795000197C9 /* Model */ = {
			isa = PBXGroup;
			children = (
			);
			name = Model;
			sourceTree = "<group>";
		};
		12CB705C1C7B979B000197C9 /* Assets */ = {
			isa = PBXGroup;
			children = (
				12CB705D1C7B97B3000197C9 /* pokemon.csv */,
			);
			name = Assets;
			sourceTree = "<group>";
		};
/* End PBXGroup section */

/* Begin PBXNativeTarget section */
		12CB70431C7B9532000197C9 /* pokedex */ = {
			isa = PBXNativeTarget;
			buildConfigurationList = 12CB70561C7B9532000197C9 /* Build configuration list for PBXNativeTarget "pokedex" */;
			buildPhases = (
				12CB70401C7B9532000197C9 /* Sources */,
				12CB70411C7B9532000197C9 /* Frameworks */,
				12CB70421C7B9532000197C9 /* Resources */,
			);
			buildRules = (
			);
			dependencies = (
			);
			name = pokedex;
			productName = pokedex;
			productReference = 12CB70441C7B9532000197C9 /* pokedex.app */;
			productType = "com.apple.product-type.application";
		};
/* End PBXNativeTarget section */

/* Begin PBXProject section */
		12CB703C1C7B9532000197C9 /* Project object */ = {
			isa = PBXProject;
			attributes = {
				LastSwiftUpdateCheck = 0720;
				LastUpgradeCheck = 0720;
				ORGANIZATIONNAME = "LAMB Apps";
				TargetAttributes = {
					12CB70431C7B9532000197C9 = {
						CreatedOnToolsVersion = 7.2.1;
						DevelopmentTeam = DMQ33576LJ;
					};
				};
			};
			buildConfigurationList = 12CB703F1C7B9532000197C9 /* Build configuration list for PBXProject "pokedex" */;
			compatibilityVersion = "Xcode 3.2";
			developmentRegion = English;
			hasScannedForEncodings = 0;
			knownRegions = (
				en,
				Base,
			);
			mainGroup = 12CB703B1C7B9532000197C9;
			productRefGroup = 12CB70451C7B9532000197C9 /* Products */;
			projectDirPath = "";
			projectRoot = "";
			targets = (
				12CB70431C7B9532000197C9 /* pokedex */,
			);
		};
/* End PBXProject section */

/* Begin PBXResourcesBuildPhase section */
		12CB70421C7B9532000197C9 /* Resources */ = {
			isa = PBXResourcesBuildPhase;
			buildActionMask = 2147483647;
			files = (
				12CB70521C7B9532000197C9 /* LaunchScreen.storyboard in Resources */,
				12CB704F1C7B9532000197C9 /* Assets.xcassets in Resources */,
				12CB705E1C7B97B3000197C9 /* pokemon.csv in Resources */,
				12CB704D1C7B9532000197C9 /* Main.storyboard in Resources */,
			);
			runOnlyForDeploymentPostprocessing = 0;
		};
/* End PBXResourcesBuildPhase section */

/* Begin PBXSourcesBuildPhase section */
		12CB70401C7B9532000197C9 /* Sources */ = {
			isa = PBXSourcesBuildPhase;
			buildActionMask = 2147483647;
			files = (
				12CB704A1C7B9532000197C9 /* ViewController.swift in Sources */,
				12CB70481C7B9532000197C9 /* AppDelegate.swift in Sources */,
			);
			runOnlyForDeploymentPostprocessing = 0;
		};
/* End PBXSourcesBuildPhase section */

/* Begin PBXVariantGroup section */
		12CB704B1C7B9532000197C9 /* Main.storyboard */ = {
			isa = PBXVariantGroup;
			children = (
				12CB704C1C7B9532000197C9 /* Base */,
			);
			name = Main.storyboard;
			sourceTree = "<group>";
		};
		12CB70501C7B9532000197C9 /* LaunchScreen.storyboard */ = {
			isa = PBXVariantGroup;
			children = (
				12CB70511C7B9532000197C9 /* Base */,
			);
			name = LaunchScreen.storyboard;
			sourceTree = "<group>";
		};
/* End PBXVariantGroup section */

/* Begin XCBuildConfiguration section */
		12CB70541C7B9532000197C9 /* Debug */ = {
			isa = XCBuildConfiguration;
			buildSettings = {
				ALWAYS_SEARCH_USER_PATHS = NO;
				CLANG_CXX_LANGUAGE_STANDARD = "gnu++0x";
				CLANG_CXX_LIBRARY = "libc++";
				CLANG_ENABLE_MODULES = YES;
				CLANG_ENABLE_OBJC_ARC = YES;
				CLANG_WARN_BOOL_CONVERSION = YES;
				CLANG_WARN_CONSTANT_CONVERSION = YES;
				CLANG_WARN_DIRECT_OBJC_ISA_USAGE = YES_ERROR;
				CLANG_WARN_EMPTY_BODY = YES;
				CLANG_WARN_ENUM_CONVERSION = YES;
				CLANG_WARN_INT_CONVERSION = YES;
				CLANG_WARN_OBJC_ROOT_CLASS = YES_ERROR;
				CLANG_WARN_UNREACHABLE_CODE = YES;
				CLANG_WARN__DUPLICATE_METHOD_MATCH = YES;
				"CODE_SIGN_IDENTITY[sdk=iphoneos*]" = "iPhone Developer";
				COPY_PHASE_STRIP = NO;
				DEBUG_INFORMATION_FORMAT = dwarf;
				ENABLE_STRICT_OBJC_MSGSEND = YES;
				ENABLE_TESTABILITY = YES;
				GCC_C_LANGUAGE_STANDARD = gnu99;
				GCC_DYNAMIC_NO_PIC = NO;
				GCC_NO_COMMON_BLOCKS = YES;
				GCC_OPTIMIZATION_LEVEL = 0;
				GCC_PREPROCESSOR_DEFINITIONS = (
					"DEBUG=1",
					"$(inherited)",
				);
				GCC_WARN_64_TO_32_BIT_CONVERSION = YES;
				GCC_WARN_ABOUT_RETURN_TYPE = YES_ERROR;
				GCC_WARN_UNDECLARED_SELECTOR = YES;
				GCC_WARN_UNINITIALIZED_AUTOS = YES_AGGRESSIVE;
				GCC_WARN_UNUSED_FUNCTION = YES;
				GCC_WARN_UNUSED_VARIABLE = YES;
				IPHONEOS_DEPLOYMENT_TARGET = 9.2;
				MTL_ENABLE_DEBUG_INFO = YES;
				ONLY_ACTIVE_ARCH = YES;
				SDKROOT = iphoneos;
				SWIFT_OPTIMIZATION_LEVEL = "-Onone";
				TARGETED_DEVICE_FAMILY = "1,2";
			};
			name = Debug;
		};
		12CB70551C7B9532000197C9 /* Release */ = {
			isa = XCBuildConfiguration;
			buildSettings = {
				ALWAYS_SEARCH_USER_PATHS = NO;
				CLANG_CXX_LANGUAGE_STANDARD = "gnu++0x";
				CLANG_CXX_LIBRARY = "libc++";
				CLANG_ENABLE_MODULES = YES;
				CLANG_ENABLE_OBJC_ARC = YES;
				CLANG_WARN_BOOL_CONVERSION = YES;
				CLANG_WARN_CONSTANT_CONVERSION = YES;
				CLANG_WARN_DIRECT_OBJC_ISA_USAGE = YES_ERROR;
				CLANG_WARN_EMPTY_BODY = YES;
				CLANG_WARN_ENUM_CONVERSION = YES;
				CLANG_WARN_INT_CONVERSION = YES;
				CLANG_WARN_OBJC_ROOT_CLASS = YES_ERROR;
				CLANG_WARN_UNREACHABLE_CODE = YES;
				CLANG_WARN__DUPLICATE_METHOD_MATCH = YES;
				"CODE_SIGN_IDENTITY[sdk=iphoneos*]" = "iPhone Developer";
				COPY_PHASE_STRIP = NO;
				DEBUG_INFORMATION_FORMAT = "dwarf-with-dsym";
				ENABLE_NS_ASSERTIONS = NO;
				ENABLE_STRICT_OBJC_MSGSEND = YES;
				GCC_C_LANGUAGE_STANDARD = gnu99;
				GCC_NO_COMMON_BLOCKS = YES;
				GCC_WARN_64_TO_32_BIT_CONVERSION = YES;
				GCC_WARN_ABOUT_RETURN_TYPE = YES_ERROR;
				GCC_WARN_UNDECLARED_SELECTOR = YES;
				GCC_WARN_UNINITIALIZED_AUTOS = YES_AGGRESSIVE;
				GCC_WARN_UNUSED_FUNCTION = YES;
				GCC_WARN_UNUSED_VARIABLE = YES;
				IPHONEOS_DEPLOYMENT_TARGET = 9.2;
				MTL_ENABLE_DEBUG_INFO = NO;
				SDKROOT = iphoneos;
				TARGETED_DEVICE_FAMILY = "1,2";
				VALIDATE_PRODUCT = YES;
			};
			name = Release;
		};
		12CB70571C7B9532000197C9 /* Debug */ = {
			isa = XCBuildConfiguration;
			buildSettings = {
				ASSETCATALOG_COMPILER_APPICON_NAME = AppIcon;
				INFOPLIST_FILE = pokedex/Info.plist;
				LD_RUNPATH_SEARCH_PATHS = "$(inherited) @executable_path/Frameworks";
				PRODUCT_BUNDLE_IDENTIFIER = com.lambapps.pokedex;
				PRODUCT_NAME = "$(TARGET_NAME)";
			};
			name = Debug;
		};
		12CB70581C7B9532000197C9 /* Release */ = {
			isa = XCBuildConfiguration;
			buildSettings = {
				ASSETCATALOG_COMPILER_APPICON_NAME = AppIcon;
				INFOPLIST_FILE = pokedex/Info.plist;
				LD_RUNPATH_SEARCH_PATHS = "$(inherited) @executable_path/Frameworks";
				PRODUCT_BUNDLE_IDENTIFIER = com.lambapps.pokedex;
				PRODUCT_NAME = "$(TARGET_NAME)";
			};
			name = Release;
		};
/* End XCBuildConfiguration section */

/* Begin XCConfigurationList section */
		12CB703F1C7B9532000197C9 /* Build configuration list for PBXProject "pokedex" */ = {
			isa = XCConfigurationList;
			buildConfigurations = (
				12CB70541C7B9532000197C9 /* Debug */,
				12CB70551C7B9532000197C9 /* Release */,
			);
			defaultConfigurationIsVisible = 0;
			defaultConfigurationName = Release;
		};
		12CB70561C7B9532000197C9 /* Build configuration list for PBXNativeTarget "pokedex" */ = {
			isa = XCConfigurationList;
			buildConfigurations = (
				12CB70571C7B9532000197C9 /* Debug */,
				12CB70581C7B9532000197C9 /* Release */,
			);
			defaultConfigurationIsVisible = 0;
		};
/* End XCConfigurationList section */
	};
	rootObject = 12CB703C1C7B9532000197C9 /* Project object */;
}
